
Microsoft Visual Studio Solution File, Format Version 12.00
# Visual Studio Version 17
VisualStudioVersion = 17.1.32328.378
MinimumVisualStudioVersion = 10.0.40219.1
Project("{9A19103F-16F7-4668-BE54-9A1E7A4F7556}") = "RoganBot", "RoganBot.csproj", "{1A8E299D-88BB-45D1-A8D6-DE06114B5F52}"
EndProject
Global
	GlobalSection(SolutionConfigurationPlatforms) = preSolution
		Debug|Any CPU = Debug|Any CPU
		Debug|x64 = Debug|x64
		Release|Any CPU = Release|Any CPU
		Release|x64 = Release|x64
	EndGlobalSection
	GlobalSection(ProjectConfigurationPlatforms) = postSolution
		{1A8E299D-88BB-45D1-A8D6-DE06114B5F52}.Debug|Any CPU.ActiveCfg = Debug|Any CPU
		{1A8E299D-88BB-45D1-A8D6-DE06114B5F52}.Debug|Any CPU.Build.0 = Debug|Any CPU
		{1A8E299D-88BB-45D1-A8D6-DE06114B5F52}.Debug|x64.ActiveCfg = Debug|x64
		{1A8E299D-88BB-45D1-A8D6-DE06114B5F52}.Debug|x64.Build.0 = Debug|x64
		{1A8E299D-88BB-45D1-A8D6-DE06114B5F52}.Release|Any CPU.ActiveCfg = Release|Any CPU
		{1A8E299D-88BB-45D1-A8D6-DE06114B5F52}.Release|Any CPU.Build.0 = Release|Any CPU
		{1A8E299D-88BB-45D1-A8D6-DE06114B5F52}.Release|x64.ActiveCfg = Release|x64
		{1A8E299D-88BB-45D1-A8D6-DE06114B5F52}.Release|x64.Build.0 = Release|x64
	EndGlobalSection
	GlobalSection(SolutionProperties) = preSolution
		HideSolutionNode = FALSE
	EndGlobalSection
	GlobalSection(ExtensibilityGlobals) = postSolution
		SolutionGuid = {DE370BE8-E874-41F3-A318-85B17C9DF3A9}
	EndGlobalSection
EndGlobal
